
Microsoft Visual Studio Solution File, Format Version 12.00
# Visual Studio Version 16
VisualStudioVersion = 16.0.30804.86
MinimumVisualStudioVersion = 10.0.40219.1
Project("{FAE04EC0-301F-11D3-BF4B-00C04F79EFBC}") = "ToDoApp", "ToDoApp\ToDoApp.csproj", "{D6786564-EC8C-464F-B873-01B128CA30CC}"
EndProject
Global
	GlobalSection(SolutionConfigurationPlatforms) = preSolution
		Debug|Any CPU = Debug|Any CPU
		Release|Any CPU = Release|Any CPU
	EndGlobalSection
	GlobalSection(ProjectConfigurationPlatforms) = postSolution
		{D6786564-EC8C-464F-B873-01B128CA30CC}.Debug|Any CPU.ActiveCfg = Debug|Any CPU
		{D6786564-EC8C-464F-B873-01B128CA30CC}.Debug|Any CPU.Build.0 = Debug|Any CPU
		{D6786564-EC8C-464F-B873-01B128CA30CC}.Release|Any CPU.ActiveCfg = Release|Any CPU
		{D6786564-EC8C-464F-B873-01B128CA30CC}.Release|Any CPU.Build.0 = Release|Any CPU
	EndGlobalSection
	GlobalSection(SolutionProperties) = preSolution
		HideSolutionNode = FALSE
	EndGlobalSection
	GlobalSection(ExtensibilityGlobals) = postSolution
		SolutionGuid = {8EDA78FD-BC64-410A-885D-C66FB125CE9D}
	EndGlobalSection
EndGlobal
